
Microsoft Visual Studio Solution File, Format Version 12.00
# Visual Studio 15
VisualStudioVersion = 15.0.27703.2042
MinimumVisualStudioVersion = 10.0.40219.1
Project("{FAE04EC0-301F-11D3-BF4B-00C04F79EFBC}") = "UBTechServerExercise", "UBTechServerExercise\UBTechServerExercise.csproj", "{16C63477-2EE9-4BD6-BCF2-51018DE9B39C}"
EndProject
Project("{FAE04EC0-301F-11D3-BF4B-00C04F79EFBC}") = "BLL", "BLL\BLL.csproj", "{78795E7F-E38A-4389-98B8-52B85A5C041D}"
EndProject
Project("{FAE04EC0-301F-11D3-BF4B-00C04F79EFBC}") = "DAL", "DAL\DAL.csproj", "{4BB22A99-90D4-4E57-9BDF-6589274621C3}"
EndProject
Global
	GlobalSection(SolutionConfigurationPlatforms) = preSolution
		Debug|Any CPU = Debug|Any CPU
		Release|Any CPU = Release|Any CPU
	EndGlobalSection
	GlobalSection(ProjectConfigurationPlatforms) = postSolution
		{16C63477-2EE9-4BD6-BCF2-51018DE9B39C}.Debug|Any CPU.ActiveCfg = Debug|Any CPU
		{16C63477-2EE9-4BD6-BCF2-51018DE9B39C}.Debug|Any CPU.Build.0 = Debug|Any CPU
		{16C63477-2EE9-4BD6-BCF2-51018DE9B39C}.Release|Any CPU.ActiveCfg = Release|Any CPU
		{16C63477-2EE9-4BD6-BCF2-51018DE9B39C}.Release|Any CPU.Build.0 = Release|Any CPU
		{78795E7F-E38A-4389-98B8-52B85A5C041D}.Debug|Any CPU.ActiveCfg = Debug|Any CPU
		{78795E7F-E38A-4389-98B8-52B85A5C041D}.Debug|Any CPU.Build.0 = Debug|Any CPU
		{78795E7F-E38A-4389-98B8-52B85A5C041D}.Release|Any CPU.ActiveCfg = Release|Any CPU
		{78795E7F-E38A-4389-98B8-52B85A5C041D}.Release|Any CPU.Build.0 = Release|Any CPU
		{4BB22A99-90D4-4E57-9BDF-6589274621C3}.Debug|Any CPU.ActiveCfg = Debug|Any CPU
		{4BB22A99-90D4-4E57-9BDF-6589274621C3}.Debug|Any CPU.Build.0 = Debug|Any CPU
		{4BB22A99-90D4-4E57-9BDF-6589274621C3}.Release|Any CPU.ActiveCfg = Release|Any CPU
		{4BB22A99-90D4-4E57-9BDF-6589274621C3}.Release|Any CPU.Build.0 = Release|Any CPU
	EndGlobalSection
	GlobalSection(SolutionProperties) = preSolution
		HideSolutionNode = FALSE
	EndGlobalSection
	GlobalSection(ExtensibilityGlobals) = postSolution
		SolutionGuid = {14E1D8F5-F7C2-4116-B7F7-305AFEC0F788}
	EndGlobalSection
EndGlobal
